
Microsoft Visual Studio Solution File, Format Version 12.00
Project("{FAE04EC0-301F-11D3-BF4B-00C04F79EFBC}") = "MockTest", "MockTest\MockTest.csproj", "{95635FC3-56A8-4580-8724-B1F1C245DA0B}"
EndProject
Global
	GlobalSection(SolutionConfigurationPlatforms) = preSolution
		Debug|Any CPU = Debug|Any CPU
		Release|Any CPU = Release|Any CPU
	EndGlobalSection
	GlobalSection(ProjectConfigurationPlatforms) = postSolution
		{95635FC3-56A8-4580-8724-B1F1C245DA0B}.Debug|Any CPU.ActiveCfg = Debug|Any CPU
		{95635FC3-56A8-4580-8724-B1F1C245DA0B}.Debug|Any CPU.Build.0 = Debug|Any CPU
		{95635FC3-56A8-4580-8724-B1F1C245DA0B}.Release|Any CPU.ActiveCfg = Release|Any CPU
		{95635FC3-56A8-4580-8724-B1F1C245DA0B}.Release|Any CPU.Build.0 = Release|Any CPU
	EndGlobalSection
EndGlobal
